Microsoft Visual Studio Solution File, Format Version 12.00
# Visual Studio Version 17
VisualStudioVersion = 17.5.2.0
MinimumVisualStudioVersion = 10.0.40219.1
Project("{FAE04EC0-301F-11D3-BF4B-00C04F79EFBC}") = "MediaCoach.Plugin", "MediaCoach.Plugin.csproj", "{C0430629-CA1E-A253-E601-89FDC492DBF9}"
EndProject
Global
	GlobalSection(SolutionConfigurationPlatforms) = preSolution
		Debug|Any CPU = Debug|Any CPU
		Release|Any CPU = Release|Any CPU
	EndGlobalSection
	GlobalSection(ProjectConfigurationPlatforms) = postSolution
		{C0430629-CA1E-A253-E601-89FDC492DBF9}.Debug|Any CPU.ActiveCfg = Debug|Any CPU
		{C0430629-CA1E-A253-E601-89FDC492DBF9}.Debug|Any CPU.Build.0 = Debug|Any CPU
		{C0430629-CA1E-A253-E601-89FDC492DBF9}.Release|Any CPU.ActiveCfg = Release|Any CPU
		{C0430629-CA1E-A253-E601-89FDC492DBF9}.Release|Any CPU.Build.0 = Release|Any CPU
	EndGlobalSection
	GlobalSection(SolutionProperties) = preSolution
		HideSolutionNode = FALSE
	EndGlobalSection
	GlobalSection(ExtensibilityGlobals) = postSolution
		SolutionGuid = {B9C1AF6B-8322-4D7F-BA2D-37FBD81155D6}
	EndGlobalSection
EndGlobal
